
Microsoft Visual Studio Solution File, Format Version 12.00
# Visual Studio Version 17
VisualStudioVersion = 17.2.32630.192
MinimumVisualStudioVersion = 10.0.40219.1
Project("{9A19103F-16F7-4668-BE54-9A1E7A4F7556}") = "FundooApp", "FundooApp.csproj", "{F72549F1-65B6-4880-A192-830017F351EA}"
EndProject
Project("{FAE04EC0-301F-11D3-BF4B-00C04F79EFBC}") = "CommonLayer", "..\CommonLayer\CommonLayer.csproj", "{9AD3B8FE-E859-4F22-9A0A-41DF27C2BD69}"
EndProject
Project("{FAE04EC0-301F-11D3-BF4B-00C04F79EFBC}") = "BusinessLayer", "..\BusinessLayer\BusinessLayer.csproj", "{99474002-2799-4E25-84BB-1AA2EF1DB1EC}"
EndProject
Project("{FAE04EC0-301F-11D3-BF4B-00C04F79EFBC}") = "RepositoryLayer", "..\RepositoryLayer\RepositoryLayer.csproj", "{B9585D29-61C4-4299-8791-17E4B4AC53DC}"
EndProject
Global
	GlobalSection(SolutionConfigurationPlatforms) = preSolution
		Debug|Any CPU = Debug|Any CPU
		Release|Any CPU = Release|Any CPU
	EndGlobalSection
	GlobalSection(ProjectConfigurationPlatforms) = postSolution
		{F72549F1-65B6-4880-A192-830017F351EA}.Debug|Any CPU.ActiveCfg = Debug|Any CPU
		{F72549F1-65B6-4880-A192-830017F351EA}.Debug|Any CPU.Build.0 = Debug|Any CPU
		{F72549F1-65B6-4880-A192-830017F351EA}.Release|Any CPU.ActiveCfg = Release|Any CPU
		{F72549F1-65B6-4880-A192-830017F351EA}.Release|Any CPU.Build.0 = Release|Any CPU
		{9AD3B8FE-E859-4F22-9A0A-41DF27C2BD69}.Debug|Any CPU.ActiveCfg = Debug|Any CPU
		{9AD3B8FE-E859-4F22-9A0A-41DF27C2BD69}.Debug|Any CPU.Build.0 = Debug|Any CPU
		{9AD3B8FE-E859-4F22-9A0A-41DF27C2BD69}.Release|Any CPU.ActiveCfg = Release|Any CPU
		{9AD3B8FE-E859-4F22-9A0A-41DF27C2BD69}.Release|Any CPU.Build.0 = Release|Any CPU
		{99474002-2799-4E25-84BB-1AA2EF1DB1EC}.Debug|Any CPU.ActiveCfg = Debug|Any CPU
		{99474002-2799-4E25-84BB-1AA2EF1DB1EC}.Debug|Any CPU.Build.0 = Debug|Any CPU
		{99474002-2799-4E25-84BB-1AA2EF1DB1EC}.Release|Any CPU.ActiveCfg = Release|Any CPU
		{99474002-2799-4E25-84BB-1AA2EF1DB1EC}.Release|Any CPU.Build.0 = Release|Any CPU
		{B9585D29-61C4-4299-8791-17E4B4AC53DC}.Debug|Any CPU.ActiveCfg = Debug|Any CPU
		{B9585D29-61C4-4299-8791-17E4B4AC53DC}.Debug|Any CPU.Build.0 = Debug|Any CPU
		{B9585D29-61C4-4299-8791-17E4B4AC53DC}.Release|Any CPU.ActiveCfg = Release|Any CPU
		{B9585D29-61C4-4299-8791-17E4B4AC53DC}.Release|Any CPU.Build.0 = Release|Any CPU
	EndGlobalSection
	GlobalSection(SolutionProperties) = preSolution
		HideSolutionNode = FALSE
	EndGlobalSection
	GlobalSection(ExtensibilityGlobals) = postSolution
		SolutionGuid = {94CA7907-A71D-412E-A267-A650B0205938}
	EndGlobalSection
EndGlobal
